
Microsoft Visual Studio Solution File, Format Version 12.00
# Visual Studio Version 16
VisualStudioVersion = 16.0.33027.164
MinimumVisualStudioVersion = 10.0.40219.1
Project("{C9674DCB-5085-4A16-B785-4C70DD1589BD}") = "Integration Services Project1", "Integration Services Project1\Integration Services Project1.dtproj", "{BBE8F119-0B33-422D-AB85-053C5AC33241}"
EndProject
Global
	GlobalSection(SolutionConfigurationPlatforms) = preSolution
		Development|Default = Development|Default
	EndGlobalSection
	GlobalSection(ProjectConfigurationPlatforms) = postSolution
		{BBE8F119-0B33-422D-AB85-053C5AC33241}.Development|Default.ActiveCfg = Development
		{BBE8F119-0B33-422D-AB85-053C5AC33241}.Development|Default.Build.0 = Development
	EndGlobalSection
	GlobalSection(SolutionProperties) = preSolution
		HideSolutionNode = FALSE
	EndGlobalSection
	GlobalSection(ExtensibilityGlobals) = postSolution
		SolutionGuid = {60C5F197-860D-4608-B3C4-7B53C48A0BA5}
	EndGlobalSection
EndGlobal
